{
  "name": "cup-of-tea",
  "version": "1.0.0",
  "lockfileVersion": 3,
  "requires": true,
  "packages": {
    "": {
      "name": "cup-of-tea",
      "version": "1.0.0",
      "license": "MIT",
      "dependencies": {
        "cup-of-tea": "^1.0.0",
        "npm-packlist": "^8.0.2"
      }
    },
    "node_modules/balanced-match": {
      "version": "1.0.2",
      "resolved": "https://registry.npmjs.org/balanced-match/-/balanced-match-1.0.2.tgz",
      "integrity": "sha512-3oSeUO0TMV67hN1AmbXsK4yaqU7tjiHlbxRDZOpH0KW9+CeX4bRAaX0Anxt0tx2MrpRpWwQaPwIlISEJhYU5Pw=="
    },
    "node_modules/brace-expansion": {
      "version": "2.0.1",
      "resolved": "https://registry.npmjs.org/brace-expansion/-/brace-expansion-2.0.1.tgz",
      "integrity": "sha512-XnAIvQ8eM+kC6aULx6wuQiwVsnzsi9d3WxzV3FpWTGA19F621kwdbsAcFKXgKUHZWsy+mY6iL1sHTxWEFCytDA==",
      "dependencies": {
        "balanced-match": "^1.0.0"
      }
    },
    "node_modules/cup-of-tea": {
      "version": "1.0.0",
      "resolved": "https://registry.npmjs.org/cup-of-tea/-/cup-of-tea-1.0.0.tgz",
      "integrity": "sha512-WZLyuNcocgmKK87gZhMrHezCvA3hRQsvsvUkh9AkGH7ks5QQc57ak2UyDMvBb0xFr3I3gqJUrvmwQe60qVc5aw==",
      "dependencies": {
        "npm-packlist": "^8.0.2"
      }
    },
    "node_modules/ignore-walk": {
      "version": "6.0.4",
      "resolved": "https://registry.npmjs.org/ignore-walk/-/ignore-walk-6.0.4.tgz",
      "integrity": "sha512-t7sv42WkwFkyKbivUCglsQW5YWMskWtbEf4MNKX5u/CCWHKSPzN4FtBQGsQZgCLbxOzpVlcbWVK5KB3auIOjSw==",
      "dependencies": {
        "minimatch": "^9.0.0"
      },
      "engines": {
        "node": "^14.17.0 || ^16.13.0 || >=18.0.0"
      }
    },
    "node_modules/minimatch": {
      "version": "9.0.3",
      "resolved": "https://registry.npmjs.org/minimatch/-/minimatch-9.0.3.tgz",
      "integrity": "sha512-RHiac9mvaRw0x3AYRgDC1CxAP7HTcNrrECeA8YYJeWnpo+2Q5CegtZjaotWTWxDG3UeGA1coE05iH1mPjT/2mg==",
      "dependencies": {
        "brace-expansion": "^2.0.1"
      },
      "engines": {
        "node": ">=16 || 14 >=14.17"
      },
      "funding": {
        "url": "https://github.com/sponsors/isaacs"
      }
    },
    "node_modules/npm-packlist": {
      "version": "8.0.2",
      "resolved": "https://registry.npmjs.org/npm-packlist/-/npm-packlist-8.0.2.tgz",
      "integrity": "sha512-shYrPFIS/JLP4oQmAwDyk5HcyysKW8/JLTEA32S0Z5TzvpaeeX2yMFfoK1fjEBnCBvVyIB/Jj/GBFdm0wsgzbA==",
      "dependencies": {
        "ignore-walk": "^6.0.4"
      },
      "engines": {
        "node": "^14.17.0 || ^16.13.0 || >=18.0.0"
      }
    }
  }
}
